
Microsoft Visual Studio Solution File, Format Version 12.00
# Visual Studio 15
VisualStudioVersion = 15.0.26124.0
MinimumVisualStudioVersion = 15.0.26124.0
Project("{2150E333-8FDC-42A3-9474-1A3956D46DE8}") = "src", "src", "{7D39169B-CBE8-4C14-9787-A2279D857883}"
EndProject
Project("{FAE04EC0-301F-11D3-BF4B-00C04F79EFBC}") = "CursoEfCore", "src\CursoEfCore\CursoEfCore.csproj", "{38FAA60D-7890-4963-A881-31A843C5CA9D}"
EndProject
Global
	GlobalSection(SolutionConfigurationPlatforms) = preSolution
		Debug|Any CPU = Debug|Any CPU
		Debug|x64 = Debug|x64
		Debug|x86 = Debug|x86
		Release|Any CPU = Release|Any CPU
		Release|x64 = Release|x64
		Release|x86 = Release|x86
	EndGlobalSection
	GlobalSection(SolutionProperties) = preSolution
		HideSolutionNode = FALSE
	EndGlobalSection
	GlobalSection(ProjectConfigurationPlatforms) = postSolution
		{38FAA60D-7890-4963-A881-31A843C5CA9D}.Debug|Any CPU.ActiveCfg = Debug|Any CPU
		{38FAA60D-7890-4963-A881-31A843C5CA9D}.Debug|Any CPU.Build.0 = Debug|Any CPU
		{38FAA60D-7890-4963-A881-31A843C5CA9D}.Debug|x64.ActiveCfg = Debug|Any CPU
		{38FAA60D-7890-4963-A881-31A843C5CA9D}.Debug|x64.Build.0 = Debug|Any CPU
		{38FAA60D-7890-4963-A881-31A843C5CA9D}.Debug|x86.ActiveCfg = Debug|Any CPU
		{38FAA60D-7890-4963-A881-31A843C5CA9D}.Debug|x86.Build.0 = Debug|Any CPU
		{38FAA60D-7890-4963-A881-31A843C5CA9D}.Release|Any CPU.ActiveCfg = Release|Any CPU
		{38FAA60D-7890-4963-A881-31A843C5CA9D}.Release|Any CPU.Build.0 = Release|Any CPU
		{38FAA60D-7890-4963-A881-31A843C5CA9D}.Release|x64.ActiveCfg = Release|Any CPU
		{38FAA60D-7890-4963-A881-31A843C5CA9D}.Release|x64.Build.0 = Release|Any CPU
		{38FAA60D-7890-4963-A881-31A843C5CA9D}.Release|x86.ActiveCfg = Release|Any CPU
		{38FAA60D-7890-4963-A881-31A843C5CA9D}.Release|x86.Build.0 = Release|Any CPU
	EndGlobalSection
	GlobalSection(NestedProjects) = preSolution
		{38FAA60D-7890-4963-A881-31A843C5CA9D} = {7D39169B-CBE8-4C14-9787-A2279D857883}
	EndGlobalSection
EndGlobal
